<?xml version="1.0" encoding="utf-8"?>
<Project ToolsVersion="4.0" xmlns="http://schemas.microsoft.com/developer/msbuild/2003">
  <ItemGroup>
    <Filter Include="Source Files">
      <UniqueIdentifier>{4FC737F1-C7A5-4376-A066-2A32D752A2FF}</UniqueIdentifier>
      <Extensions>cpp;c;cc;cxx;def;odl;idl;hpj;bat;asm;asmx</Extensions>
    </Filter>
    <Filter Include="Header Files">
      <UniqueIdentifier>{93995380-89BD-4b04-88EB-625FBE52EBFB}</UniqueIdentifier>
      <Extensions>h;hh;hpp;hxx;hm;inl;inc;ipp;xsd</Extensions>
    </Filter>
    <Filter Include="Resource Files">
      <UniqueIdentifier>{67DA6AB6-F800-4c08-8B7A-83BB121AAD01}</UniqueIdentifier>
      <Extensions>rc;ico;cur;bmp;dlg;rc2;rct;bin;rgs;gif;jpg;jpeg;jpe;resx;tiff;tif;png;wav;mfcribbon-ms</Extensions>
    </Filter>
    <Filter Include="Header Files\World">
      <UniqueIdentifier>{d4241c8b-d1a6-4db8-919c-0bd6c8c98419}</UniqueIdentifier>
    </Filter>
    <Filter Include="Header Files\Handlers">
      <UniqueIdentifier>{d7534fe6-69e6-48aa-9b65-c3d3c1ffae0a}</UniqueIdentifier>
    </Filter>
    <Filter Include="Header Files\GUI">
      <UniqueIdentifier>{b58d8604-03a7-4f16-8da9-5751cacadf55}</UniqueIdentifier>
    </Filter>
    <Filter Include="Header Files\Entities">
      <UniqueIdentifier>{44507a9e-65a0-4e1d-bc3e-e0f8f31d1a7b}</UniqueIdentifier>
    </Filter>
    <Filter Include="Source Files\GUI">
      <UniqueIdentifier>{1e1e5a41-d36f-4909-a382-d5f5619d9c42}</UniqueIdentifier>
    </Filter>
    <Filter Include="Source Files\Entities">
      <UniqueIdentifier>{f41a2b60-0a12-40f8-bfef-52babef415b8}</UniqueIdentifier>
    </Filter>
    <Filter Include="Source Files\Handlers">
      <UniqueIdentifier>{d4ae2fb9-1635-49a9-81a7-9f66324d13b5}</UniqueIdentifier>
    </Filter>
    <Filter Include="Source Files\World">
      <UniqueIdentifier>{0d769953-cc7b-4b1c-9153-be25d8f908f3}</UniqueIdentifier>
    </Filter>
    <Filter Include="Source Files\Scenes">
      <UniqueIdentifier>{0ad656ad-7400-4d73-9ca8-8b6d8b43a677}</UniqueIdentifier>
    </Filter>
    <Filter Include="Header Files\Scenes">
      <UniqueIdentifier>{de194c76-a580-4da8-8f39-9bfc71c9005b}</UniqueIdentifier>
    </Filter>
    <Filter Include="Header Files\Scenes\Abstract">
      <UniqueIdentifier>{aeaff36a-4610-4e89-9fce-3b03edebad0b}</UniqueIdentifier>
    </Filter>
    <Filter Include="Source Files\Scenes\Abstract">
      <UniqueIdentifier>{285deab1-3504-4244-b881-84f2e16a852f}</UniqueIdentifier>
    </Filter>
    <Filter Include="Header Files\Entities\Cubemon">
      <UniqueIdentifier>{82533de2-36e9-48ef-877d-1664a6b0706c}</UniqueIdentifier>
    </Filter>
    <Filter Include="Source Files\Entities\Cubermon">
      <UniqueIdentifier>{546bdb8b-8101-49fc-8d4c-e12da9d53c28}</UniqueIdentifier>
    </Filter>
    <Filter Include="Header Files\Entities\Enemies">
      <UniqueIdentifier>{ce40b45e-7432-4f0e-b38c-ba54a68e13a7}</UniqueIdentifier>
    </Filter>
    <Filter Include="Source Files\Entities\Enemies">
      <UniqueIdentifier>{7aff03b9-9853-4450-9b3c-0f67310d6065}</UniqueIdentifier>
    </Filter>
    <Filter Include="Header Files\Items">
      <UniqueIdentifier>{3e5c0c34-916a-4c65-bf3a-9775b2762ef1}</UniqueIdentifier>
    </Filter>
    <Filter Include="Source Files\Items">
      <UniqueIdentifier>{1e571d6e-67db-46b1-beca-12ceeabccc3b}</UniqueIdentifier>
    </Filter>
  </ItemGroup>
  <ItemGroup>
    <ClCompile Include="main.cpp">
      <Filter>Source Files</Filter>
    </ClCompile>
    <ClCompile Include="Player.cpp">
      <Filter>Source Files\Entities</Filter>
    </ClCompile>
    <ClCompile Include="GUI.cpp">
      <Filter>Source Files\GUI</Filter>
    </ClCompile>
    <ClCompile Include="AudioManager.cpp">
      <Filter>Source Files\Handlers</Filter>
    </ClCompile>
    <ClCompile Include="TextureMaster.cpp">
      <Filter>Source Files\Handlers</Filter>
    </ClCompile>
    <ClCompile Include="ParticleSystem.cpp">
      <Filter>Source Files\World</Filter>
    </ClCompile>
    <ClCompile Include="WorldManager.cpp">
      <Filter>Source Files\World</Filter>
    </ClCompile>
    <ClCompile Include="Tile.cpp">
      <Filter>Source Files\World</Filter>
    </ClCompile>
    <ClCompile Include="CMainMenu.cpp">
      <Filter>Source Files\GUI</Filter>
    </ClCompile>
    <ClCompile Include="CButtons.cpp">
      <Filter>Source Files\GUI</Filter>
    </ClCompile>
    <ClCompile Include="CInputField.cpp">
      <Filter>Source Files\GUI</Filter>
    </ClCompile>
    <ClCompile Include="IEntity.cpp">
      <Filter>Source Files\Entities</Filter>
    </ClCompile>
    <ClCompile Include="CContactListener.cpp">
      <Filter>Source Files\Handlers</Filter>
    </ClCompile>
    <ClCompile Include="CGameScene.cpp">
      <Filter>Source Files\Scenes</Filter>
    </ClCompile>
    <ClCompile Include="CSceneManager.cpp">
      <Filter>Source Files\Scenes</Filter>
    </ClCompile>
    <ClCompile Include="IScene.cpp">
      <Filter>Source Files\Scenes\Abstract</Filter>
    </ClCompile>
    <ClCompile Include="ICubemon.cpp">
      <Filter>Source Files\Entities\Cubermon</Filter>
    </ClCompile>
    <ClCompile Include="CThallic.cpp">
      <Filter>Source Files\Entities\Cubermon</Filter>
    </ClCompile>
    <ClCompile Include="CMainMenuScene.cpp">
      <Filter>Source Files\Scenes</Filter>
    </ClCompile>
    <ClCompile Include="CBattleScene.cpp">
      <Filter>Source Files\Scenes</Filter>
    </ClCompile>
    <ClCompile Include="CKindling.cpp">
      <Filter>Source Files\Entities\Cubermon</Filter>
    </ClCompile>
    <ClCompile Include="CBrutus.cpp">
      <Filter>Source Files\Entities\Cubermon</Filter>
    </ClCompile>
    <ClCompile Include="Navigation.cpp">
      <Filter>Source Files\Handlers</Filter>
    </ClCompile>
    <ClCompile Include="CPotion.cpp">
      <Filter>Source Files\Items</Filter>
    </ClCompile>
    <ClCompile Include="IItem.cpp">
      <Filter>Source Files\Items</Filter>
    </ClCompile>
    <ClCompile Include="CDebugWindow.cpp">
      <Filter>Source Files\Handlers</Filter>
    </ClCompile>
  </ItemGroup>
  <ItemGroup>
    <ClInclude Include="WorldManager.h">
      <Filter>Header Files\World</Filter>
    </ClInclude>
    <ClInclude Include="Tile.h">
      <Filter>Header Files\World</Filter>
    </ClInclude>
    <ClInclude Include="ParticleSystem.h">
      <Filter>Header Files\World</Filter>
    </ClInclude>
    <ClInclude Include="TextureMaster.h">
      <Filter>Header Files\Handlers</Filter>
    </ClInclude>
    <ClInclude Include="AudioManager.h">
      <Filter>Header Files\Handlers</Filter>
    </ClInclude>
    <ClInclude Include="GUI.h">
      <Filter>Header Files\GUI</Filter>
    </ClInclude>
    <ClInclude Include="Player.h">
      <Filter>Header Files\Entities</Filter>
    </ClInclude>
    <ClInclude Include="CMainMenu.h">
      <Filter>Header Files\GUI</Filter>
    </ClInclude>
    <ClInclude Include="CButtons.h">
      <Filter>Header Files\GUI</Filter>
    </ClInclude>
    <ClInclude Include="CInputField.h">
      <Filter>Header Files\GUI</Filter>
    </ClInclude>
    <ClInclude Include="NumptyBehavior.h">
      <Filter>Header Files</Filter>
    </ClInclude>
    <ClInclude Include="IEntity.h">
      <Filter>Header Files\Entities</Filter>
    </ClInclude>
    <ClInclude Include="CContactListener.h">
      <Filter>Header Files\Handlers</Filter>
    </ClInclude>
    <ClInclude Include="CGameScene.h">
      <Filter>Header Files\Scenes</Filter>
    </ClInclude>
    <ClInclude Include="CSceneManager.h">
      <Filter>Header Files\Scenes</Filter>
    </ClInclude>
    <ClInclude Include="IScene.h">
      <Filter>Header Files\Scenes\Abstract</Filter>
    </ClInclude>
    <ClInclude Include="ICubemon.h">
      <Filter>Header Files\Entities\Cubemon</Filter>
    </ClInclude>
    <ClInclude Include="CINIParser.h">
      <Filter>Header Files\Handlers</Filter>
    </ClInclude>
    <ClInclude Include="CThallic.h">
      <Filter>Header Files\Entities\Cubemon</Filter>
    </ClInclude>
    <ClInclude Include="CMainMenuScene.h">
      <Filter>Header Files\Scenes</Filter>
    </ClInclude>
    <ClInclude Include="CBattleScene.h">
      <Filter>Header Files\Scenes</Filter>
    </ClInclude>
    <ClInclude Include="IItem.h">
      <Filter>Header Files\Items</Filter>
    </ClInclude>
    <ClInclude Include="CKindling.h">
      <Filter>Header Files\Entities\Cubemon</Filter>
    </ClInclude>
    <ClInclude Include="CBrutus.h">
      <Filter>Header Files\Entities\Cubemon</Filter>
    </ClInclude>
    <ClInclude Include="Navigation.h">
      <Filter>Header Files\Handlers</Filter>
    </ClInclude>
    <ClInclude Include="Node.h">
      <Filter>Header Files\Handlers</Filter>
    </ClInclude>
    <ClInclude Include="CIndoorScene.h">
      <Filter>Header Files\Scenes</Filter>
    </ClInclude>
    <ClInclude Include="CPotion.h">
      <Filter>Header Files\Items</Filter>
    </ClInclude>
    <ClInclude Include="CDebugWindow.h">
      <Filter>Header Files\Handlers</Filter>
    </ClInclude>
  </ItemGroup>
  <ItemGroup>
    <None Include="Resources\Output\World.ini">
      <Filter>Resource Files</Filter>
    </None>
    <None Include="Resources\Output\Level_Ash.ini">
      <Filter>Resource Files</Filter>
    </None>
  </ItemGroup>
</Project>